
Microsoft Visual Studio Solution File, Format Version 12.00
# Visual Studio Version 17
VisualStudioVersion = 17.3.32825.248
MinimumVisualStudioVersion = 10.0.40219.1
Project("{888888A0-9F3D-457C-B088-3A5042F75D52}") = "Google_Alerts_Grabber", "Google_Alerts_Grabber.pyproj", "{D40837D1-F049-4285-91AB-8B596898D2F3}"
EndProject
Global
	GlobalSection(SolutionConfigurationPlatforms) = preSolution
		Debug|Any CPU = Debug|Any CPU
		Release|Any CPU = Release|Any CPU
	EndGlobalSection
	GlobalSection(ProjectConfigurationPlatforms) = postSolution
		{D40837D1-F049-4285-91AB-8B596898D2F3}.Debug|Any CPU.ActiveCfg = Debug|Any CPU
		{D40837D1-F049-4285-91AB-8B596898D2F3}.Release|Any CPU.ActiveCfg = Release|Any CPU
	EndGlobalSection
	GlobalSection(SolutionProperties) = preSolution
		HideSolutionNode = FALSE
	EndGlobalSection
	GlobalSection(ExtensibilityGlobals) = postSolution
		SolutionGuid = {69E04407-742A-4F01-A78F-5F1E20C3914A}
	EndGlobalSection
EndGlobal
